
Microsoft Visual Studio Solution File, Format Version 12.00
# Visual Studio Version 16
VisualStudioVersion = 16.0.30011.22
MinimumVisualStudioVersion = 10.0.40219.1
Project("{FAE04EC0-301F-11D3-BF4B-00C04F79EFBC}") = "StringsAssignmet", "StringsAssignmet\StringsAssignmet.csproj", "{2973C638-422A-4C47-B02E-A62BF9A73F3C}"
EndProject
Global
	GlobalSection(SolutionConfigurationPlatforms) = preSolution
		Debug|Any CPU = Debug|Any CPU
		Release|Any CPU = Release|Any CPU
	EndGlobalSection
	GlobalSection(ProjectConfigurationPlatforms) = postSolution
		{2973C638-422A-4C47-B02E-A62BF9A73F3C}.Debug|Any CPU.ActiveCfg = Debug|Any CPU
		{2973C638-422A-4C47-B02E-A62BF9A73F3C}.Debug|Any CPU.Build.0 = Debug|Any CPU
		{2973C638-422A-4C47-B02E-A62BF9A73F3C}.Release|Any CPU.ActiveCfg = Release|Any CPU
		{2973C638-422A-4C47-B02E-A62BF9A73F3C}.Release|Any CPU.Build.0 = Release|Any CPU
	EndGlobalSection
	GlobalSection(SolutionProperties) = preSolution
		HideSolutionNode = FALSE
	EndGlobalSection
	GlobalSection(ExtensibilityGlobals) = postSolution
		SolutionGuid = {FF43791B-FB6F-4714-907B-45A90315D307}
	EndGlobalSection
EndGlobal
