
Microsoft Visual Studio Solution File, Format Version 12.00
# Visual Studio Version 16
VisualStudioVersion = 16.0.30011.22
MinimumVisualStudioVersion = 10.0.40219.1
Project("{FAE04EC0-301F-11D3-BF4B-00C04F79EFBC}") = "DateTimeAssignment", "DateTimeAssignment\DateTimeAssignment.csproj", "{9D5A91D6-5875-4F95-9893-51A5C828B191}"
EndProject
Global
	GlobalSection(SolutionConfigurationPlatforms) = preSolution
		Debug|Any CPU = Debug|Any CPU
		Release|Any CPU = Release|Any CPU
	EndGlobalSection
	GlobalSection(ProjectConfigurationPlatforms) = postSolution
		{9D5A91D6-5875-4F95-9893-51A5C828B191}.Debug|Any CPU.ActiveCfg = Debug|Any CPU
		{9D5A91D6-5875-4F95-9893-51A5C828B191}.Debug|Any CPU.Build.0 = Debug|Any CPU
		{9D5A91D6-5875-4F95-9893-51A5C828B191}.Release|Any CPU.ActiveCfg = Release|Any CPU
		{9D5A91D6-5875-4F95-9893-51A5C828B191}.Release|Any CPU.Build.0 = Release|Any CPU
	EndGlobalSection
	GlobalSection(SolutionProperties) = preSolution
		HideSolutionNode = FALSE
	EndGlobalSection
	GlobalSection(ExtensibilityGlobals) = postSolution
		SolutionGuid = {CD04DCB4-0761-4CAD-BAFB-629F5653BE67}
	EndGlobalSection
EndGlobal
