
Microsoft Visual Studio Solution File, Format Version 12.00
# Visual Studio Version 16
VisualStudioVersion = 16.0.30011.22
MinimumVisualStudioVersion = 10.0.40219.1
Project("{FAE04EC0-301F-11D3-BF4B-00C04F79EFBC}") = "LoopsAssignment", "LoopsAssignment\LoopsAssignment.csproj", "{FA98FB2F-73A6-4B0B-A401-79370D6C36FF}"
EndProject
Global
	GlobalSection(SolutionConfigurationPlatforms) = preSolution
		Debug|Any CPU = Debug|Any CPU
		Release|Any CPU = Release|Any CPU
	EndGlobalSection
	GlobalSection(ProjectConfigurationPlatforms) = postSolution
		{FA98FB2F-73A6-4B0B-A401-79370D6C36FF}.Debug|Any CPU.ActiveCfg = Debug|Any CPU
		{FA98FB2F-73A6-4B0B-A401-79370D6C36FF}.Debug|Any CPU.Build.0 = Debug|Any CPU
		{FA98FB2F-73A6-4B0B-A401-79370D6C36FF}.Release|Any CPU.ActiveCfg = Release|Any CPU
		{FA98FB2F-73A6-4B0B-A401-79370D6C36FF}.Release|Any CPU.Build.0 = Release|Any CPU
	EndGlobalSection
	GlobalSection(SolutionProperties) = preSolution
		HideSolutionNode = FALSE
	EndGlobalSection
	GlobalSection(ExtensibilityGlobals) = postSolution
		SolutionGuid = {F13BE528-5106-4F9D-848C-E65DE40A1190}
	EndGlobalSection
EndGlobal
