
Microsoft Visual Studio Solution File, Format Version 12.00
# Visual Studio Version 16
VisualStudioVersion = 16.0.30011.22
MinimumVisualStudioVersion = 10.0.40219.1
Project("{FAE04EC0-301F-11D3-BF4B-00C04F79EFBC}") = "NewsletterAppMVC", "NewsletterAppMVC\NewsletterAppMVC.csproj", "{00899D51-5327-40B4-84CA-6153B7D22A72}"
EndProject
Global
	GlobalSection(SolutionConfigurationPlatforms) = preSolution
		Debug|Any CPU = Debug|Any CPU
		Release|Any CPU = Release|Any CPU
	EndGlobalSection
	GlobalSection(ProjectConfigurationPlatforms) = postSolution
		{00899D51-5327-40B4-84CA-6153B7D22A72}.Debug|Any CPU.ActiveCfg = Debug|Any CPU
		{00899D51-5327-40B4-84CA-6153B7D22A72}.Debug|Any CPU.Build.0 = Debug|Any CPU
		{00899D51-5327-40B4-84CA-6153B7D22A72}.Release|Any CPU.ActiveCfg = Release|Any CPU
		{00899D51-5327-40B4-84CA-6153B7D22A72}.Release|Any CPU.Build.0 = Release|Any CPU
	EndGlobalSection
	GlobalSection(SolutionProperties) = preSolution
		HideSolutionNode = FALSE
	EndGlobalSection
	GlobalSection(ExtensibilityGlobals) = postSolution
		SolutionGuid = {D1BF6A58-EA64-4313-B4FB-4A87BEE733AD}
	EndGlobalSection
EndGlobal
