
Microsoft Visual Studio Solution File, Format Version 12.00
# Visual Studio Version 16
VisualStudioVersion = 16.0.30011.22
MinimumVisualStudioVersion = 10.0.40219.1
Project("{FAE04EC0-301F-11D3-BF4B-00C04F79EFBC}") = "MethodOverloadAssignment", "MethodOverloadAssignment\MethodOverloadAssignment.csproj", "{AFBEBFD8-ED6B-4CCB-A92B-4A4E12AC4007}"
EndProject
Global
	GlobalSection(SolutionConfigurationPlatforms) = preSolution
		Debug|Any CPU = Debug|Any CPU
		Release|Any CPU = Release|Any CPU
	EndGlobalSection
	GlobalSection(ProjectConfigurationPlatforms) = postSolution
		{AFBEBFD8-ED6B-4CCB-A92B-4A4E12AC4007}.Debug|Any CPU.ActiveCfg = Debug|Any CPU
		{AFBEBFD8-ED6B-4CCB-A92B-4A4E12AC4007}.Debug|Any CPU.Build.0 = Debug|Any CPU
		{AFBEBFD8-ED6B-4CCB-A92B-4A4E12AC4007}.Release|Any CPU.ActiveCfg = Release|Any CPU
		{AFBEBFD8-ED6B-4CCB-A92B-4A4E12AC4007}.Release|Any CPU.Build.0 = Release|Any CPU
	EndGlobalSection
	GlobalSection(SolutionProperties) = preSolution
		HideSolutionNode = FALSE
	EndGlobalSection
	GlobalSection(ExtensibilityGlobals) = postSolution
		SolutionGuid = {1E84F646-9989-46DE-B910-0B90845D9D33}
	EndGlobalSection
EndGlobal
