
Microsoft Visual Studio Solution File, Format Version 12.00
# Visual Studio Version 16
VisualStudioVersion = 16.0.30011.22
MinimumVisualStudioVersion = 10.0.40219.1
Project("{FAE04EC0-301F-11D3-BF4B-00C04F79EFBC}") = "ExceptionHandelingAssignment", "ExceptionHandelingAssignment\ExceptionHandelingAssignment.csproj", "{D974D09C-2F2D-4F14-BE98-43F158F069EA}"
EndProject
Global
	GlobalSection(SolutionConfigurationPlatforms) = preSolution
		Debug|Any CPU = Debug|Any CPU
		Release|Any CPU = Release|Any CPU
	EndGlobalSection
	GlobalSection(ProjectConfigurationPlatforms) = postSolution
		{D974D09C-2F2D-4F14-BE98-43F158F069EA}.Debug|Any CPU.ActiveCfg = Debug|Any CPU
		{D974D09C-2F2D-4F14-BE98-43F158F069EA}.Debug|Any CPU.Build.0 = Debug|Any CPU
		{D974D09C-2F2D-4F14-BE98-43F158F069EA}.Release|Any CPU.ActiveCfg = Release|Any CPU
		{D974D09C-2F2D-4F14-BE98-43F158F069EA}.Release|Any CPU.Build.0 = Release|Any CPU
	EndGlobalSection
	GlobalSection(SolutionProperties) = preSolution
		HideSolutionNode = FALSE
	EndGlobalSection
	GlobalSection(ExtensibilityGlobals) = postSolution
		SolutionGuid = {EBF7ED2F-B98E-4AD8-926B-A3CBA29791E0}
	EndGlobalSection
EndGlobal
